
Microsoft Visual Studio Solution File, Format Version 12.00
# Visual Studio 15
VisualStudioVersion = 15.0.34031.82
MinimumVisualStudioVersion = 10.0.40219.1
Project("{8BC9CEB8-8B4A-11D0-8D11-00A0C91BC942}") = "18", "18\18.vcxproj", "{DFD51DB1-5B0E-427B-9B2A-55A5AA0A06D8}"
EndProject
Global
	GlobalSection(SolutionConfigurationPlatforms) = preSolution
		Debug|x64 = Debug|x64
		Debug|x86 = Debug|x86
		Release|x64 = Release|x64
		Release|x86 = Release|x86
	EndGlobalSection
	GlobalSection(ProjectConfigurationPlatforms) = postSolution
		{DFD51DB1-5B0E-427B-9B2A-55A5AA0A06D8}.Debug|x64.ActiveCfg = Debug|x64
		{DFD51DB1-5B0E-427B-9B2A-55A5AA0A06D8}.Debug|x64.Build.0 = Debug|x64
		{DFD51DB1-5B0E-427B-9B2A-55A5AA0A06D8}.Debug|x86.ActiveCfg = Debug|Win32
		{DFD51DB1-5B0E-427B-9B2A-55A5AA0A06D8}.Debug|x86.Build.0 = Debug|Win32
		{DFD51DB1-5B0E-427B-9B2A-55A5AA0A06D8}.Release|x64.ActiveCfg = Release|x64
		{DFD51DB1-5B0E-427B-9B2A-55A5AA0A06D8}.Release|x64.Build.0 = Release|x64
		{DFD51DB1-5B0E-427B-9B2A-55A5AA0A06D8}.Release|x86.ActiveCfg = Release|Win32
		{DFD51DB1-5B0E-427B-9B2A-55A5AA0A06D8}.Release|x86.Build.0 = Release|Win32
	EndGlobalSection
	GlobalSection(SolutionProperties) = preSolution
		HideSolutionNode = FALSE
	EndGlobalSection
	GlobalSection(ExtensibilityGlobals) = postSolution
		SolutionGuid = {F9D760E1-7F1A-4374-9EDD-07BCB28BF4CD}
	EndGlobalSection
EndGlobal
